
Microsoft Visual Studio Solution File, Format Version 12.00
# Visual Studio 2013
VisualStudioVersion = 12.0.31101.0
MinimumVisualStudioVersion = 10.0.40219.1
Project("{FAE04EC0-301F-11D3-BF4B-00C04F79EFBC}") = "02.NestedLists", "02.NestedLists\02.NestedLists.csproj", "{A86FE745-24AB-494F-A63B-7284B0423CCE}"
EndProject
Project("{FAE04EC0-301F-11D3-BF4B-00C04F79EFBC}") = "01.RunnersHomePage", "01.RunnersHomePage\01.RunnersHomePage.csproj", "{4582AAF4-29DB-4592-91E0-75A3D4173480}"
EndProject
Project("{FAE04EC0-301F-11D3-BF4B-00C04F79EFBC}") = "03.SocialSte", "03.SocialSte\03.SocialSte.csproj", "{8D50ABDA-482A-4C49-A55E-3E52EB2E026D}"
EndProject
Global
	GlobalSection(SolutionConfigurationPlatforms) = preSolution
		Debug|Any CPU = Debug|Any CPU
		Release|Any CPU = Release|Any CPU
	EndGlobalSection
	GlobalSection(ProjectConfigurationPlatforms) = postSolution
		{A86FE745-24AB-494F-A63B-7284B0423CCE}.Debug|Any CPU.ActiveCfg = Debug|Any CPU
		{A86FE745-24AB-494F-A63B-7284B0423CCE}.Debug|Any CPU.Build.0 = Debug|Any CPU
		{A86FE745-24AB-494F-A63B-7284B0423CCE}.Release|Any CPU.ActiveCfg = Release|Any CPU
		{A86FE745-24AB-494F-A63B-7284B0423CCE}.Release|Any CPU.Build.0 = Release|Any CPU
		{4582AAF4-29DB-4592-91E0-75A3D4173480}.Debug|Any CPU.ActiveCfg = Debug|Any CPU
		{4582AAF4-29DB-4592-91E0-75A3D4173480}.Debug|Any CPU.Build.0 = Debug|Any CPU
		{4582AAF4-29DB-4592-91E0-75A3D4173480}.Release|Any CPU.ActiveCfg = Release|Any CPU
		{4582AAF4-29DB-4592-91E0-75A3D4173480}.Release|Any CPU.Build.0 = Release|Any CPU
		{8D50ABDA-482A-4C49-A55E-3E52EB2E026D}.Debug|Any CPU.ActiveCfg = Debug|Any CPU
		{8D50ABDA-482A-4C49-A55E-3E52EB2E026D}.Debug|Any CPU.Build.0 = Debug|Any CPU
		{8D50ABDA-482A-4C49-A55E-3E52EB2E026D}.Release|Any CPU.ActiveCfg = Release|Any CPU
		{8D50ABDA-482A-4C49-A55E-3E52EB2E026D}.Release|Any CPU.Build.0 = Release|Any CPU
	EndGlobalSection
	GlobalSection(SolutionProperties) = preSolution
		HideSolutionNode = FALSE
	EndGlobalSection
EndGlobal
