
Microsoft Visual Studio Solution File, Format Version 12.00
# Visual Studio 2013
VisualStudioVersion = 12.0.21005.1
MinimumVisualStudioVersion = 10.0.40219.1
Project("{FAE04EC0-301F-11D3-BF4B-00C04F79EFBC}") = "01.Square-Root", "01.Square-Root\01.Square-Root.csproj", "{9911DA60-0AF7-4C13-94EF-F75E234FF15C}"
EndProject
Project("{FAE04EC0-301F-11D3-BF4B-00C04F79EFBC}") = "02.EnterNumbers", "02.EnterNumbers\02.EnterNumbers.csproj", "{5BB46AF1-91F0-4442-84C8-9396119F039D}"
EndProject
Project("{FAE04EC0-301F-11D3-BF4B-00C04F79EFBC}") = "03.ReadFileContents", "03.ReadFileContents\03.ReadFileContents.csproj", "{8D82E983-FB8A-4558-B0DC-A04E437C2D07}"
EndProject
Project("{FAE04EC0-301F-11D3-BF4B-00C04F79EFBC}") = "04.DownloadFile", "04.DownloadFile\04.DownloadFile.csproj", "{718FBE85-713F-4F8E-8BB1-CF682566981B}"
EndProject
Global
	GlobalSection(SolutionConfigurationPlatforms) = preSolution
		Debug|Any CPU = Debug|Any CPU
		Release|Any CPU = Release|Any CPU
	EndGlobalSection
	GlobalSection(ProjectConfigurationPlatforms) = postSolution
		{9911DA60-0AF7-4C13-94EF-F75E234FF15C}.Debug|Any CPU.ActiveCfg = Debug|Any CPU
		{9911DA60-0AF7-4C13-94EF-F75E234FF15C}.Debug|Any CPU.Build.0 = Debug|Any CPU
		{9911DA60-0AF7-4C13-94EF-F75E234FF15C}.Release|Any CPU.ActiveCfg = Release|Any CPU
		{9911DA60-0AF7-4C13-94EF-F75E234FF15C}.Release|Any CPU.Build.0 = Release|Any CPU
		{5BB46AF1-91F0-4442-84C8-9396119F039D}.Debug|Any CPU.ActiveCfg = Debug|Any CPU
		{5BB46AF1-91F0-4442-84C8-9396119F039D}.Debug|Any CPU.Build.0 = Debug|Any CPU
		{5BB46AF1-91F0-4442-84C8-9396119F039D}.Release|Any CPU.ActiveCfg = Release|Any CPU
		{5BB46AF1-91F0-4442-84C8-9396119F039D}.Release|Any CPU.Build.0 = Release|Any CPU
		{8D82E983-FB8A-4558-B0DC-A04E437C2D07}.Debug|Any CPU.ActiveCfg = Debug|Any CPU
		{8D82E983-FB8A-4558-B0DC-A04E437C2D07}.Debug|Any CPU.Build.0 = Debug|Any CPU
		{8D82E983-FB8A-4558-B0DC-A04E437C2D07}.Release|Any CPU.ActiveCfg = Release|Any CPU
		{8D82E983-FB8A-4558-B0DC-A04E437C2D07}.Release|Any CPU.Build.0 = Release|Any CPU
		{718FBE85-713F-4F8E-8BB1-CF682566981B}.Debug|Any CPU.ActiveCfg = Debug|Any CPU
		{718FBE85-713F-4F8E-8BB1-CF682566981B}.Debug|Any CPU.Build.0 = Debug|Any CPU
		{718FBE85-713F-4F8E-8BB1-CF682566981B}.Release|Any CPU.ActiveCfg = Release|Any CPU
		{718FBE85-713F-4F8E-8BB1-CF682566981B}.Release|Any CPU.Build.0 = Release|Any CPU
	EndGlobalSection
	GlobalSection(SolutionProperties) = preSolution
		HideSolutionNode = FALSE
	EndGlobalSection
EndGlobal
