<<<<<<< .mine
﻿
Microsoft Visual Studio Solution File, Format Version 12.00
# Visual Studio 2013
VisualStudioVersion = 12.0.21005.1
MinimumVisualStudioVersion = 10.0.40219.1
Project("{FAE04EC0-301F-11D3-BF4B-00C04F79EFBC}") = "02.MoonGravity", "02.MoonGravity\02.MoonGravity.csproj", "{F7FA65DC-FD90-4EE3-9D09-814EA2B267D4}"
EndProject
Project("{FAE04EC0-301F-11D3-BF4B-00C04F79EFBC}") = "03.DivideByNumbers", "03.DivideByNumbers\03.DivideByNumbers.csproj", "{85DF327B-B61C-45CF-9BA7-0CDE83E501F0}"
EndProject
Project("{FAE04EC0-301F-11D3-BF4B-00C04F79EFBC}") = "04.Rectangular", "04.Rectangular\04.Rectangular.csproj", "{133ECB2B-AE0F-49C1-ACEA-AEEB32B37CB0}"
EndProject
Project("{FAE04EC0-301F-11D3-BF4B-00C04F79EFBC}") = "05.ThirdDigit", "05.TidDigit\05.ThirdDigit.csproj", "{F8687F3A-1EB0-4E4C-A68A-9D1B604D0889}"
EndProject
Project("{FAE04EC0-301F-11D3-BF4B-00C04F79EFBC}") = "06.FourDigitNum", "06.FourDigitNum\06.FourDigitNum.csproj", "{E9311AB9-0207-4613-82DB-6B5F4F7181FB}"
EndProject
Project("{FAE04EC0-301F-11D3-BF4B-00C04F79EFBC}") = "07.PointInACircle", "07.PointInACircle\07.PointInACircle.csproj", "{3CD82997-F4E2-4933-8F02-154F16BF4C01}"
EndProject
Project("{FAE04EC0-301F-11D3-BF4B-00C04F79EFBC}") = "08.PrimeNumber", "08.PrimeNumber\08.PrimeNumber.csproj", "{03D7D93F-D4D7-4D57-AB9C-EDE8ED4C42CC}"
EndProject
Project("{FAE04EC0-301F-11D3-BF4B-00C04F79EFBC}") = "09.Trapezoids", "09.Trapezoids\09.Trapezoids.csproj", "{CD0DDE04-3556-4A94-8598-24007CA13EC7}"
EndProject
Project("{FAE04EC0-301F-11D3-BF4B-00C04F79EFBC}") = "10.InsideCircleOutsideRectangle", "10.InsideCircleOutsideRectangle\10.InsideCircleOutsideRectangle.csproj", "{19B4861E-04E5-403B-90AF-B95C916D711E}"
EndProject
Project("{FAE04EC0-301F-11D3-BF4B-00C04F79EFBC}") = "11.ExtractBitNumThree", "11.ExtractBitNumNine\11.ExtractBitNumThree.csproj", "{A0ADCDEC-6FC3-4BB0-A6DA-9766555FF357}"
EndProject
Project("{FAE04EC0-301F-11D3-BF4B-00C04F79EFBC}") = "12.BitFromInt", "12.BitFromInt\12.BitFromInt.csproj", "{744B8D3A-0133-42DB-89B2-2AF0D7274537}"
EndProject
Project("{FAE04EC0-301F-11D3-BF4B-00C04F79EFBC}") = "13.ChkBitsPosition", "13.ChkBitsPosition\13.ChkBitsPosition.csproj", "{5F1A7148-DDCB-45C2-A839-7D25F4C736B1}"
EndProject
Project("{FAE04EC0-301F-11D3-BF4B-00C04F79EFBC}") = "14.ModifyBit", "14.ModifyBit\14.ModifyBit.csproj", "{40597BE7-1FB1-4E74-801F-6D55698EBFA8}"
EndProject
Project("{FAE04EC0-301F-11D3-BF4B-00C04F79EFBC}") = "15.BitsExchange", "15.BitsExchange\15.BitsExchange.csproj", "{C9E41AD4-5EBD-4D69-9720-DEA5F16CEE6E}"
EndProject
Project("{FAE04EC0-301F-11D3-BF4B-00C04F79EFBC}") = "16.BitExchangeAdvanced", "16.BitExchangeAdvanced\16.BitExchangeAdvanced.csproj", "{4F1BE181-56D2-4E5C-BEE5-B4BF792AC0DB}"
EndProject
Project("{FAE04EC0-301F-11D3-BF4B-00C04F79EFBC}") = "01.OddAndEven", "01.OddAndEven\01.OddAndEven.csproj", "{349E3F4A-0462-4050-8B1E-5252352F3A6A}"
EndProject
Global
	GlobalSection(SolutionConfigurationPlatforms) = preSolution
		Debug|Any CPU = Debug|Any CPU
		Release|Any CPU = Release|Any CPU
	EndGlobalSection
	GlobalSection(ProjectConfigurationPlatforms) = postSolution
		{F7FA65DC-FD90-4EE3-9D09-814EA2B267D4}.Debug|Any CPU.ActiveCfg = Debug|Any CPU
		{F7FA65DC-FD90-4EE3-9D09-814EA2B267D4}.Debug|Any CPU.Build.0 = Debug|Any CPU
		{F7FA65DC-FD90-4EE3-9D09-814EA2B267D4}.Release|Any CPU.ActiveCfg = Release|Any CPU
		{F7FA65DC-FD90-4EE3-9D09-814EA2B267D4}.Release|Any CPU.Build.0 = Release|Any CPU
		{85DF327B-B61C-45CF-9BA7-0CDE83E501F0}.Debug|Any CPU.ActiveCfg = Debug|Any CPU
		{85DF327B-B61C-45CF-9BA7-0CDE83E501F0}.Debug|Any CPU.Build.0 = Debug|Any CPU
		{85DF327B-B61C-45CF-9BA7-0CDE83E501F0}.Release|Any CPU.ActiveCfg = Release|Any CPU
		{85DF327B-B61C-45CF-9BA7-0CDE83E501F0}.Release|Any CPU.Build.0 = Release|Any CPU
		{133ECB2B-AE0F-49C1-ACEA-AEEB32B37CB0}.Debug|Any CPU.ActiveCfg = Debug|Any CPU
		{133ECB2B-AE0F-49C1-ACEA-AEEB32B37CB0}.Debug|Any CPU.Build.0 = Debug|Any CPU
		{133ECB2B-AE0F-49C1-ACEA-AEEB32B37CB0}.Release|Any CPU.ActiveCfg = Release|Any CPU
		{133ECB2B-AE0F-49C1-ACEA-AEEB32B37CB0}.Release|Any CPU.Build.0 = Release|Any CPU
		{F8687F3A-1EB0-4E4C-A68A-9D1B604D0889}.Debug|Any CPU.ActiveCfg = Debug|Any CPU
		{F8687F3A-1EB0-4E4C-A68A-9D1B604D0889}.Debug|Any CPU.Build.0 = Debug|Any CPU
		{F8687F3A-1EB0-4E4C-A68A-9D1B604D0889}.Release|Any CPU.ActiveCfg = Release|Any CPU
		{F8687F3A-1EB0-4E4C-A68A-9D1B604D0889}.Release|Any CPU.Build.0 = Release|Any CPU
		{E9311AB9-0207-4613-82DB-6B5F4F7181FB}.Debug|Any CPU.ActiveCfg = Debug|Any CPU
		{E9311AB9-0207-4613-82DB-6B5F4F7181FB}.Debug|Any CPU.Build.0 = Debug|Any CPU
		{E9311AB9-0207-4613-82DB-6B5F4F7181FB}.Release|Any CPU.ActiveCfg = Release|Any CPU
		{E9311AB9-0207-4613-82DB-6B5F4F7181FB}.Release|Any CPU.Build.0 = Release|Any CPU
		{3CD82997-F4E2-4933-8F02-154F16BF4C01}.Debug|Any CPU.ActiveCfg = Debug|Any CPU
		{3CD82997-F4E2-4933-8F02-154F16BF4C01}.Debug|Any CPU.Build.0 = Debug|Any CPU
		{3CD82997-F4E2-4933-8F02-154F16BF4C01}.Release|Any CPU.ActiveCfg = Release|Any CPU
		{3CD82997-F4E2-4933-8F02-154F16BF4C01}.Release|Any CPU.Build.0 = Release|Any CPU
		{03D7D93F-D4D7-4D57-AB9C-EDE8ED4C42CC}.Debug|Any CPU.ActiveCfg = Debug|Any CPU
		{03D7D93F-D4D7-4D57-AB9C-EDE8ED4C42CC}.Debug|Any CPU.Build.0 = Debug|Any CPU
		{03D7D93F-D4D7-4D57-AB9C-EDE8ED4C42CC}.Release|Any CPU.ActiveCfg = Release|Any CPU
		{03D7D93F-D4D7-4D57-AB9C-EDE8ED4C42CC}.Release|Any CPU.Build.0 = Release|Any CPU
		{CD0DDE04-3556-4A94-8598-24007CA13EC7}.Debug|Any CPU.ActiveCfg = Debug|Any CPU
		{CD0DDE04-3556-4A94-8598-24007CA13EC7}.Debug|Any CPU.Build.0 = Debug|Any CPU
		{CD0DDE04-3556-4A94-8598-24007CA13EC7}.Release|Any CPU.ActiveCfg = Release|Any CPU
		{CD0DDE04-3556-4A94-8598-24007CA13EC7}.Release|Any CPU.Build.0 = Release|Any CPU
		{19B4861E-04E5-403B-90AF-B95C916D711E}.Debug|Any CPU.ActiveCfg = Debug|Any CPU
		{19B4861E-04E5-403B-90AF-B95C916D711E}.Debug|Any CPU.Build.0 = Debug|Any CPU
		{19B4861E-04E5-403B-90AF-B95C916D711E}.Release|Any CPU.ActiveCfg = Release|Any CPU
		{19B4861E-04E5-403B-90AF-B95C916D711E}.Release|Any CPU.Build.0 = Release|Any CPU
		{A0ADCDEC-6FC3-4BB0-A6DA-9766555FF357}.Debug|Any CPU.ActiveCfg = Debug|Any CPU
		{A0ADCDEC-6FC3-4BB0-A6DA-9766555FF357}.Debug|Any CPU.Build.0 = Debug|Any CPU
		{A0ADCDEC-6FC3-4BB0-A6DA-9766555FF357}.Release|Any CPU.ActiveCfg = Release|Any CPU
		{A0ADCDEC-6FC3-4BB0-A6DA-9766555FF357}.Release|Any CPU.Build.0 = Release|Any CPU
		{744B8D3A-0133-42DB-89B2-2AF0D7274537}.Debug|Any CPU.ActiveCfg = Debug|Any CPU
		{744B8D3A-0133-42DB-89B2-2AF0D7274537}.Debug|Any CPU.Build.0 = Debug|Any CPU
		{744B8D3A-0133-42DB-89B2-2AF0D7274537}.Release|Any CPU.ActiveCfg = Release|Any CPU
		{744B8D3A-0133-42DB-89B2-2AF0D7274537}.Release|Any CPU.Build.0 = Release|Any CPU
		{5F1A7148-DDCB-45C2-A839-7D25F4C736B1}.Debug|Any CPU.ActiveCfg = Debug|Any CPU
		{5F1A7148-DDCB-45C2-A839-7D25F4C736B1}.Debug|Any CPU.Build.0 = Debug|Any CPU
		{5F1A7148-DDCB-45C2-A839-7D25F4C736B1}.Release|Any CPU.ActiveCfg = Release|Any CPU
		{5F1A7148-DDCB-45C2-A839-7D25F4C736B1}.Release|Any CPU.Build.0 = Release|Any CPU
		{40597BE7-1FB1-4E74-801F-6D55698EBFA8}.Debug|Any CPU.ActiveCfg = Debug|Any CPU
		{40597BE7-1FB1-4E74-801F-6D55698EBFA8}.Debug|Any CPU.Build.0 = Debug|Any CPU
		{40597BE7-1FB1-4E74-801F-6D55698EBFA8}.Release|Any CPU.ActiveCfg = Release|Any CPU
		{40597BE7-1FB1-4E74-801F-6D55698EBFA8}.Release|Any CPU.Build.0 = Release|Any CPU
		{C9E41AD4-5EBD-4D69-9720-DEA5F16CEE6E}.Debug|Any CPU.ActiveCfg = Debug|Any CPU
		{C9E41AD4-5EBD-4D69-9720-DEA5F16CEE6E}.Debug|Any CPU.Build.0 = Debug|Any CPU
		{C9E41AD4-5EBD-4D69-9720-DEA5F16CEE6E}.Release|Any CPU.ActiveCfg = Release|Any CPU
		{C9E41AD4-5EBD-4D69-9720-DEA5F16CEE6E}.Release|Any CPU.Build.0 = Release|Any CPU
		{4F1BE181-56D2-4E5C-BEE5-B4BF792AC0DB}.Debug|Any CPU.ActiveCfg = Debug|Any CPU
		{4F1BE181-56D2-4E5C-BEE5-B4BF792AC0DB}.Debug|Any CPU.Build.0 = Debug|Any CPU
		{4F1BE181-56D2-4E5C-BEE5-B4BF792AC0DB}.Release|Any CPU.ActiveCfg = Release|Any CPU
		{4F1BE181-56D2-4E5C-BEE5-B4BF792AC0DB}.Release|Any CPU.Build.0 = Release|Any CPU
		{349E3F4A-0462-4050-8B1E-5252352F3A6A}.Debug|Any CPU.ActiveCfg = Debug|Any CPU
		{349E3F4A-0462-4050-8B1E-5252352F3A6A}.Debug|Any CPU.Build.0 = Debug|Any CPU
		{349E3F4A-0462-4050-8B1E-5252352F3A6A}.Release|Any CPU.ActiveCfg = Release|Any CPU
		{349E3F4A-0462-4050-8B1E-5252352F3A6A}.Release|Any CPU.Build.0 = Release|Any CPU
	EndGlobalSection
	GlobalSection(SolutionProperties) = preSolution
		HideSolutionNode = FALSE
	EndGlobalSection
EndGlobal
||||||| .r0
=======
﻿
Microsoft Visual Studio Solution File, Format Version 12.00
# Visual Studio 2013
VisualStudioVersion = 12.0.21005.1
MinimumVisualStudioVersion = 10.0.40219.1
Project("{FAE04EC0-301F-11D3-BF4B-00C04F79EFBC}") = "02.MoonGravity", "02.MoonGravity\02.MoonGravity.csproj", "{F7FA65DC-FD90-4EE3-9D09-814EA2B267D4}"
EndProject
Project("{FAE04EC0-301F-11D3-BF4B-00C04F79EFBC}") = "03.DivideByNumbers", "03.DivideByNumbers\03.DivideByNumbers.csproj", "{85DF327B-B61C-45CF-9BA7-0CDE83E501F0}"
EndProject
Project("{FAE04EC0-301F-11D3-BF4B-00C04F79EFBC}") = "04.Rectangular", "04.Rectangular\04.Rectangular.csproj", "{133ECB2B-AE0F-49C1-ACEA-AEEB32B37CB0}"
EndProject
Project("{FAE04EC0-301F-11D3-BF4B-00C04F79EFBC}") = "05.ThirdDigit", "05.TidDigit\05.ThirdDigit.csproj", "{F8687F3A-1EB0-4E4C-A68A-9D1B604D0889}"
EndProject
Project("{FAE04EC0-301F-11D3-BF4B-00C04F79EFBC}") = "06.FourDigitNum", "06.FourDigitNum\06.FourDigitNum.csproj", "{E9311AB9-0207-4613-82DB-6B5F4F7181FB}"
EndProject
Project("{FAE04EC0-301F-11D3-BF4B-00C04F79EFBC}") = "07.PointInACircle", "07.PointInACircle\07.PointInACircle.csproj", "{3CD82997-F4E2-4933-8F02-154F16BF4C01}"
EndProject
Project("{FAE04EC0-301F-11D3-BF4B-00C04F79EFBC}") = "08.PrimeNumber", "08.PrimeNumber\08.PrimeNumber.csproj", "{03D7D93F-D4D7-4D57-AB9C-EDE8ED4C42CC}"
EndProject
Project("{FAE04EC0-301F-11D3-BF4B-00C04F79EFBC}") = "09.Trapezoids", "09.Trapezoids\09.Trapezoids.csproj", "{CD0DDE04-3556-4A94-8598-24007CA13EC7}"
EndProject
Project("{FAE04EC0-301F-11D3-BF4B-00C04F79EFBC}") = "10.InsideCircleOutsideRectangle", "10.InsideCircleOutsideRectangle\10.InsideCircleOutsideRectangle.csproj", "{19B4861E-04E5-403B-90AF-B95C916D711E}"
EndProject
Project("{FAE04EC0-301F-11D3-BF4B-00C04F79EFBC}") = "11.ExtractBitNumThree", "11.ExtractBitNumNine\11.ExtractBitNumThree.csproj", "{A0ADCDEC-6FC3-4BB0-A6DA-9766555FF357}"
EndProject
Project("{FAE04EC0-301F-11D3-BF4B-00C04F79EFBC}") = "12.BitFromInt", "12.BitFromInt\12.BitFromInt.csproj", "{744B8D3A-0133-42DB-89B2-2AF0D7274537}"
EndProject
Project("{FAE04EC0-301F-11D3-BF4B-00C04F79EFBC}") = "13.ChkBitsPosition", "13.ChkBitsPosition\13.ChkBitsPosition.csproj", "{5F1A7148-DDCB-45C2-A839-7D25F4C736B1}"
EndProject
Project("{FAE04EC0-301F-11D3-BF4B-00C04F79EFBC}") = "14.ModifyBit", "14.ModifyBit\14.ModifyBit.csproj", "{40597BE7-1FB1-4E74-801F-6D55698EBFA8}"
EndProject
Project("{FAE04EC0-301F-11D3-BF4B-00C04F79EFBC}") = "15.BitsExchange", "15.BitsExchange\15.BitsExchange.csproj", "{C9E41AD4-5EBD-4D69-9720-DEA5F16CEE6E}"
EndProject
Project("{FAE04EC0-301F-11D3-BF4B-00C04F79EFBC}") = "16.BitExchangeAdvanced", "16.BitExchangeAdvanced\16.BitExchangeAdvanced.csproj", "{4F1BE181-56D2-4E5C-BEE5-B4BF792AC0DB}"
EndProject
Project("{FAE04EC0-301F-11D3-BF4B-00C04F79EFBC}") = "01.OddAndEven", "01.OddAndEven\01.OddAndEven.csproj", "{349E3F4A-0462-4050-8B1E-5252352F3A6A}"
EndProject
Global
	GlobalSection(SolutionConfigurationPlatforms) = preSolution
		Debug|Any CPU = Debug|Any CPU
		Release|Any CPU = Release|Any CPU
	EndGlobalSection
	GlobalSection(ProjectConfigurationPlatforms) = postSolution
		{F7FA65DC-FD90-4EE3-9D09-814EA2B267D4}.Debug|Any CPU.ActiveCfg = Debug|Any CPU
		{F7FA65DC-FD90-4EE3-9D09-814EA2B267D4}.Debug|Any CPU.Build.0 = Debug|Any CPU
		{F7FA65DC-FD90-4EE3-9D09-814EA2B267D4}.Release|Any CPU.ActiveCfg = Release|Any CPU
		{F7FA65DC-FD90-4EE3-9D09-814EA2B267D4}.Release|Any CPU.Build.0 = Release|Any CPU
		{85DF327B-B61C-45CF-9BA7-0CDE83E501F0}.Debug|Any CPU.ActiveCfg = Debug|Any CPU
		{85DF327B-B61C-45CF-9BA7-0CDE83E501F0}.Debug|Any CPU.Build.0 = Debug|Any CPU
		{85DF327B-B61C-45CF-9BA7-0CDE83E501F0}.Release|Any CPU.ActiveCfg = Release|Any CPU
		{85DF327B-B61C-45CF-9BA7-0CDE83E501F0}.Release|Any CPU.Build.0 = Release|Any CPU
		{133ECB2B-AE0F-49C1-ACEA-AEEB32B37CB0}.Debug|Any CPU.ActiveCfg = Debug|Any CPU
		{133ECB2B-AE0F-49C1-ACEA-AEEB32B37CB0}.Debug|Any CPU.Build.0 = Debug|Any CPU
		{133ECB2B-AE0F-49C1-ACEA-AEEB32B37CB0}.Release|Any CPU.ActiveCfg = Release|Any CPU
		{133ECB2B-AE0F-49C1-ACEA-AEEB32B37CB0}.Release|Any CPU.Build.0 = Release|Any CPU
		{F8687F3A-1EB0-4E4C-A68A-9D1B604D0889}.Debug|Any CPU.ActiveCfg = Debug|Any CPU
		{F8687F3A-1EB0-4E4C-A68A-9D1B604D0889}.Debug|Any CPU.Build.0 = Debug|Any CPU
		{F8687F3A-1EB0-4E4C-A68A-9D1B604D0889}.Release|Any CPU.ActiveCfg = Release|Any CPU
		{F8687F3A-1EB0-4E4C-A68A-9D1B604D0889}.Release|Any CPU.Build.0 = Release|Any CPU
		{E9311AB9-0207-4613-82DB-6B5F4F7181FB}.Debug|Any CPU.ActiveCfg = Debug|Any CPU
		{E9311AB9-0207-4613-82DB-6B5F4F7181FB}.Debug|Any CPU.Build.0 = Debug|Any CPU
		{E9311AB9-0207-4613-82DB-6B5F4F7181FB}.Release|Any CPU.ActiveCfg = Release|Any CPU
		{E9311AB9-0207-4613-82DB-6B5F4F7181FB}.Release|Any CPU.Build.0 = Release|Any CPU
		{3CD82997-F4E2-4933-8F02-154F16BF4C01}.Debug|Any CPU.ActiveCfg = Debug|Any CPU
		{3CD82997-F4E2-4933-8F02-154F16BF4C01}.Debug|Any CPU.Build.0 = Debug|Any CPU
		{3CD82997-F4E2-4933-8F02-154F16BF4C01}.Release|Any CPU.ActiveCfg = Release|Any CPU
		{3CD82997-F4E2-4933-8F02-154F16BF4C01}.Release|Any CPU.Build.0 = Release|Any CPU
		{03D7D93F-D4D7-4D57-AB9C-EDE8ED4C42CC}.Debug|Any CPU.ActiveCfg = Debug|Any CPU
		{03D7D93F-D4D7-4D57-AB9C-EDE8ED4C42CC}.Debug|Any CPU.Build.0 = Debug|Any CPU
		{03D7D93F-D4D7-4D57-AB9C-EDE8ED4C42CC}.Release|Any CPU.ActiveCfg = Release|Any CPU
		{03D7D93F-D4D7-4D57-AB9C-EDE8ED4C42CC}.Release|Any CPU.Build.0 = Release|Any CPU
		{CD0DDE04-3556-4A94-8598-24007CA13EC7}.Debug|Any CPU.ActiveCfg = Debug|Any CPU
		{CD0DDE04-3556-4A94-8598-24007CA13EC7}.Debug|Any CPU.Build.0 = Debug|Any CPU
		{CD0DDE04-3556-4A94-8598-24007CA13EC7}.Release|Any CPU.ActiveCfg = Release|Any CPU
		{CD0DDE04-3556-4A94-8598-24007CA13EC7}.Release|Any CPU.Build.0 = Release|Any CPU
		{19B4861E-04E5-403B-90AF-B95C916D711E}.Debug|Any CPU.ActiveCfg = Debug|Any CPU
		{19B4861E-04E5-403B-90AF-B95C916D711E}.Debug|Any CPU.Build.0 = Debug|Any CPU
		{19B4861E-04E5-403B-90AF-B95C916D711E}.Release|Any CPU.ActiveCfg = Release|Any CPU
		{19B4861E-04E5-403B-90AF-B95C916D711E}.Release|Any CPU.Build.0 = Release|Any CPU
		{A0ADCDEC-6FC3-4BB0-A6DA-9766555FF357}.Debug|Any CPU.ActiveCfg = Debug|Any CPU
		{A0ADCDEC-6FC3-4BB0-A6DA-9766555FF357}.Debug|Any CPU.Build.0 = Debug|Any CPU
		{A0ADCDEC-6FC3-4BB0-A6DA-9766555FF357}.Release|Any CPU.ActiveCfg = Release|Any CPU
		{A0ADCDEC-6FC3-4BB0-A6DA-9766555FF357}.Release|Any CPU.Build.0 = Release|Any CPU
		{744B8D3A-0133-42DB-89B2-2AF0D7274537}.Debug|Any CPU.ActiveCfg = Debug|Any CPU
		{744B8D3A-0133-42DB-89B2-2AF0D7274537}.Debug|Any CPU.Build.0 = Debug|Any CPU
		{744B8D3A-0133-42DB-89B2-2AF0D7274537}.Release|Any CPU.ActiveCfg = Release|Any CPU
		{744B8D3A-0133-42DB-89B2-2AF0D7274537}.Release|Any CPU.Build.0 = Release|Any CPU
		{5F1A7148-DDCB-45C2-A839-7D25F4C736B1}.Debug|Any CPU.ActiveCfg = Debug|Any CPU
		{5F1A7148-DDCB-45C2-A839-7D25F4C736B1}.Debug|Any CPU.Build.0 = Debug|Any CPU
		{5F1A7148-DDCB-45C2-A839-7D25F4C736B1}.Release|Any CPU.ActiveCfg = Release|Any CPU
		{5F1A7148-DDCB-45C2-A839-7D25F4C736B1}.Release|Any CPU.Build.0 = Release|Any CPU
		{40597BE7-1FB1-4E74-801F-6D55698EBFA8}.Debug|Any CPU.ActiveCfg = Debug|Any CPU
		{40597BE7-1FB1-4E74-801F-6D55698EBFA8}.Debug|Any CPU.Build.0 = Debug|Any CPU
		{40597BE7-1FB1-4E74-801F-6D55698EBFA8}.Release|Any CPU.ActiveCfg = Release|Any CPU
		{40597BE7-1FB1-4E74-801F-6D55698EBFA8}.Release|Any CPU.Build.0 = Release|Any CPU
		{C9E41AD4-5EBD-4D69-9720-DEA5F16CEE6E}.Debug|Any CPU.ActiveCfg = Debug|Any CPU
		{C9E41AD4-5EBD-4D69-9720-DEA5F16CEE6E}.Debug|Any CPU.Build.0 = Debug|Any CPU
		{C9E41AD4-5EBD-4D69-9720-DEA5F16CEE6E}.Release|Any CPU.ActiveCfg = Release|Any CPU
		{C9E41AD4-5EBD-4D69-9720-DEA5F16CEE6E}.Release|Any CPU.Build.0 = Release|Any CPU
		{4F1BE181-56D2-4E5C-BEE5-B4BF792AC0DB}.Debug|Any CPU.ActiveCfg = Debug|Any CPU
		{4F1BE181-56D2-4E5C-BEE5-B4BF792AC0DB}.Debug|Any CPU.Build.0 = Debug|Any CPU
		{4F1BE181-56D2-4E5C-BEE5-B4BF792AC0DB}.Release|Any CPU.ActiveCfg = Release|Any CPU
		{4F1BE181-56D2-4E5C-BEE5-B4BF792AC0DB}.Release|Any CPU.Build.0 = Release|Any CPU
		{349E3F4A-0462-4050-8B1E-5252352F3A6A}.Debug|Any CPU.ActiveCfg = Debug|Any CPU
		{349E3F4A-0462-4050-8B1E-5252352F3A6A}.Debug|Any CPU.Build.0 = Debug|Any CPU
		{349E3F4A-0462-4050-8B1E-5252352F3A6A}.Release|Any CPU.ActiveCfg = Release|Any CPU
		{349E3F4A-0462-4050-8B1E-5252352F3A6A}.Release|Any CPU.Build.0 = Release|Any CPU
	EndGlobalSection
	GlobalSection(SolutionProperties) = preSolution
		HideSolutionNode = FALSE
	EndGlobalSection
EndGlobal
>>>>>>> .r6
